{
  "version": 1,
  "R": {
    "Version": "4.3.3",
    "Repositories": [
      {
        "Name": "CRAN",
        "URL": "https://cloud.r-project.org"
      }
    ]
  },
  "Packages": {
    "stochtree": {"Source": "CRAN", "Repository": "CRAN"},
    "dbarts": {"Source": "CRAN", "Repository": "CRAN"},
    "bartCause": {"Source": "CRAN", "Repository": "CRAN"},
    "skewBART": {"Source": "github", "RemoteUsername": "Seungha-Um", "RemoteRepo": "skewBART"},
    "mvbcf": {"Source": "github", "RemoteUsername": "Nathan-McJames", "RemoteRepo": "mvbcf"},
    "mvtnorm": {"Source": "CRAN", "Repository": "CRAN"},
    "scoringRules": {"Source": "CRAN", "Repository": "CRAN"},
    "matrixStats": {"Source": "CRAN", "Repository": "CRAN"},
    "progress": {"Source": "CRAN", "Repository": "CRAN"},
    "MCS": {"Source": "CRAN", "Repository": "CRAN"}
  }
}
